{
  "nodes": {
    "flakeNimbleLib": {
      "inputs": {
        "nixpkgs": [
          "nixpkgs"
        ]
      },
      "locked": {
        "lastModified": 1662018438,
        "narHash": "sha256-QtNtU6+LX3Wokxf0zlFwKTFOcn6TeDjKQZ+DA9OYtvM=",
        "owner": "riinr",
        "repo": "nim-flakes-lib",
        "rev": "b1fe8340736e3a85d25c709ac3dfd82a55c03cbf",
        "type": "github"
      },
      "original": {
        "owner": "riinr",
        "ref": "master",
        "repo": "nim-flakes-lib",
        "type": "github"
      }
    },
    "gene-master": {
      "inputs": {
        "flakeNimbleLib": [
          "flakeNimbleLib"
        ],
        "nixpkgs": [
          "nixpkgs"
        ],
        "src-gene-master": "src-gene-master"
      },
      "locked": {
        "dir": "master",
        "lastModified": 1667310318,
        "narHash": "sha256-lLi6Fy98qZF4jVcxUsFKMlYgDpguT+PLLXaC+gevIII=",
        "owner": "nim-nix-pkgs",
        "repo": "gene",
        "rev": "1da0749f4001aef40a0112f21f59b4a03f9b597c",
        "type": "github"
      },
      "original": {
        "dir": "master",
        "owner": "nim-nix-pkgs",
        "ref": "master",
        "repo": "gene",
        "type": "github"
      }
    },
    "nixpkgs": {
      "locked": {
        "lastModified": 1667110639,
        "narHash": "sha256-4FbPESZ5LbqQxkJJJBAfk/zKgF9h/4kyUwjjpJwYlbc=",
        "owner": "NixOS",
        "repo": "nixpkgs",
        "rev": "f38a1f04d1bec1feb61fd101a0539ae2002a7087",
        "type": "github"
      },
      "original": {
        "id": "nixpkgs",
        "type": "indirect"
      }
    },
    "root": {
      "inputs": {
        "flakeNimbleLib": "flakeNimbleLib",
        "gene-master": "gene-master",
        "nixpkgs": "nixpkgs"
      }
    },
    "src-gene-master": {
      "flake": false,
      "locked": {
        "lastModified": 1659547719,
        "narHash": "sha256-PbnftABNGeUHxC6kPkJ+MNIY2QsHkto2P3im/is5DZM=",
        "owner": "gcao",
        "repo": "gene-new",
        "rev": "7648847a57e1e89329256ba9b8801620f2e486eb",
        "type": "github"
      },
      "original": {
        "owner": "gcao",
        "ref": "refs/heads/master",
        "repo": "gene-new",
        "type": "github"
      }
    }
  },
  "root": "root",
  "version": 7
}
